
Microsoft Visual Studio Solution File, Format Version 12.00
# Visual Studio Version 16
VisualStudioVersion = 16.0.29519.87
MinimumVisualStudioVersion = 10.0.40219.1
Project("{FAE04EC0-301F-11D3-BF4B-00C04F79EFBC}") = "WindowsFormsApp1", "WindowsFormsApp1.csproj", "{BD11D272-3C09-4148-8384-699F56F1B9FF}"
EndProject
Global
	GlobalSection(SolutionConfigurationPlatforms) = preSolution
		Debug|Any CPU = Debug|Any CPU
		Release|Any CPU = Release|Any CPU
	EndGlobalSection
	GlobalSection(ProjectConfigurationPlatforms) = postSolution
		{BD11D272-3C09-4148-8384-699F56F1B9FF}.Debug|Any CPU.ActiveCfg = Debug|Any CPU
		{BD11D272-3C09-4148-8384-699F56F1B9FF}.Debug|Any CPU.Build.0 = Debug|Any CPU
		{BD11D272-3C09-4148-8384-699F56F1B9FF}.Release|Any CPU.ActiveCfg = Release|Any CPU
		{BD11D272-3C09-4148-8384-699F56F1B9FF}.Release|Any CPU.Build.0 = Release|Any CPU
	EndGlobalSection
	GlobalSection(SolutionProperties) = preSolution
		HideSolutionNode = FALSE
	EndGlobalSection
	GlobalSection(ExtensibilityGlobals) = postSolution
		SolutionGuid = {6700BFD9-12D5-4D5A-93C6-51C9BB72304F}
	EndGlobalSection
EndGlobal
